
Microsoft Visual Studio Solution File, Format Version 12.00
# Visual Studio Version 16
VisualStudioVersion = 16.0.32106.194
MinimumVisualStudioVersion = 10.0.40219.1
Project("{FAE04EC0-301F-11D3-BF4B-00C04F79EFBC}") = "Html", "Html\Html.csproj", "{F1D614AC-2529-451D-AD38-27DE16C4617A}"
EndProject
Global
	GlobalSection(SolutionConfigurationPlatforms) = preSolution
		Debug|Any CPU = Debug|Any CPU
		Release|Any CPU = Release|Any CPU
	EndGlobalSection
	GlobalSection(ProjectConfigurationPlatforms) = postSolution
		{F1D614AC-2529-451D-AD38-27DE16C4617A}.Debug|Any CPU.ActiveCfg = Debug|Any CPU
		{F1D614AC-2529-451D-AD38-27DE16C4617A}.Debug|Any CPU.Build.0 = Debug|Any CPU
		{F1D614AC-2529-451D-AD38-27DE16C4617A}.Release|Any CPU.ActiveCfg = Release|Any CPU
		{F1D614AC-2529-451D-AD38-27DE16C4617A}.Release|Any CPU.Build.0 = Release|Any CPU
	EndGlobalSection
	GlobalSection(SolutionProperties) = preSolution
		HideSolutionNode = FALSE
	EndGlobalSection
	GlobalSection(ExtensibilityGlobals) = postSolution
		SolutionGuid = {46C1F84E-DECC-4478-A068-D7E7E28D5A52}
	EndGlobalSection
EndGlobal
